lockfileVersion: '9.0'

settings:
  autoInstallPeers: true
  excludeLinksFromLockfile: false

importers:

  .:
    dependencies:
      '@types/dom-speech-recognition':
        specifier: ^0.0.4
        version: 0.0.4
      '@types/pinyin':
        specifier: ^2.10.2
        version: 2.10.2
      artyom.js:
        specifier: ^1.0.6
        version: 1.0.6
      pinyin:
        specifier: 4.0.0-alpha.2
        version: 4.0.0-alpha.2(segmentit@2.0.3)
      segmentit:
        specifier: ^2.0.3
        version: 2.0.3
      tiny-pinyin:
        specifier: ^1.3.2
        version: 1.3.2
    devDependencies:
      '@types/artyom.js':
        specifier: ^1.0.6
        version: 1.0.6
      typescript:
        specifier: ~5.6.2
        version: 5.6.3
      vite:
        specifier: ^6.0.5
        version: 6.0.11

packages:

  '@babel/code-frame@7.26.2':
    resolution: {integrity: sha512-RJlIHRueQgwWitWgF8OdFYGZX328Ax5BCemNGlqHfplnRT9ESi8JkFlvaVYbS+UubVY6dpv87Fs2u5M29iNFVQ==}
    engines: {node: '>=6.9.0'}

  '@babel/helper-validator-identifier@7.25.9':
    resolution: {integrity: sha512-Ed61U6XJc3CVRfkERJWDz4dJwKe7iLmmJsbOGu9wSloNSFttHV0I8g6UAgb7qnK5ly5bGLPd4oXZlxCdANBOWQ==}
    engines: {node: '>=6.9.0'}

  '@babel/runtime@7.26.7':
    resolution: {integrity: sha512-AOPI3D+a8dXnja+iwsUqGRjr1BbZIe771sXdapOtYI531gSqpi92vXivKcq2asu/DFpdl1ceFAKZyRzK2PCVcQ==}
    engines: {node: '>=6.9.0'}

  '@esbuild/aix-ppc64@0.24.2':
    resolution: {integrity: sha512-thpVCb/rhxE/BnMLQ7GReQLLN8q9qbHmI55F4489/ByVg2aQaQ6kbcLb6FHkocZzQhxc4gx0sCk0tJkKBFzDhA==}
    engines: {node: '>=18'}
    cpu: [ppc64]
    os: [aix]

  '@esbuild/android-arm64@0.24.2':
    resolution: {integrity: sha512-cNLgeqCqV8WxfcTIOeL4OAtSmL8JjcN6m09XIgro1Wi7cF4t/THaWEa7eL5CMoMBdjoHOTh/vwTO/o2TRXIyzg==}
    engines: {node: '>=18'}
    cpu: [arm64]
    os: [android]

  '@esbuild/android-arm@0.24.2':
    resolution: {integrity: sha512-tmwl4hJkCfNHwFB3nBa8z1Uy3ypZpxqxfTQOcHX+xRByyYgunVbZ9MzUUfb0RxaHIMnbHagwAxuTL+tnNM+1/Q==}
    engines: {node: '>=18'}
    cpu: [arm]
    os: [android]

  '@esbuild/android-x64@0.24.2':
    resolution: {integrity: sha512-B6Q0YQDqMx9D7rvIcsXfmJfvUYLoP722bgfBlO5cGvNVb5V/+Y7nhBE3mHV9OpxBf4eAS2S68KZztiPaWq4XYw==}
    engines: {node: '>=18'}
    cpu: [x64]
    os: [android]

  '@esbuild/darwin-arm64@0.24.2':
    resolution: {integrity: sha512-kj3AnYWc+CekmZnS5IPu9D+HWtUI49hbnyqk0FLEJDbzCIQt7hg7ucF1SQAilhtYpIujfaHr6O0UHlzzSPdOeA==}
    engines: {node: '>=18'}
    cpu: [arm64]
    os: [darwin]

  '@esbuild/darwin-x64@0.24.2':
    resolution: {integrity: sha512-WeSrmwwHaPkNR5H3yYfowhZcbriGqooyu3zI/3GGpF8AyUdsrrP0X6KumITGA9WOyiJavnGZUwPGvxvwfWPHIA==}
    engines: {node: '>=18'}
    cpu: [x64]
    os: [darwin]

  '@esbuild/freebsd-arm64@0.24.2':
    resolution: {integrity: sha512-UN8HXjtJ0k/Mj6a9+5u6+2eZ2ERD7Edt1Q9IZiB5UZAIdPnVKDoG7mdTVGhHJIeEml60JteamR3qhsr1r8gXvg==}
    engines: {node: '>=18'}
    cpu: [arm64]
    os: [freebsd]

  '@esbuild/freebsd-x64@0.24.2':
    resolution: {integrity: sha512-TvW7wE/89PYW+IevEJXZ5sF6gJRDY/14hyIGFXdIucxCsbRmLUcjseQu1SyTko+2idmCw94TgyaEZi9HUSOe3Q==}
    engines: {node: '>=18'}
    cpu: [x64]
    os: [freebsd]

  '@esbuild/linux-arm64@0.24.2':
    resolution: {integrity: sha512-7HnAD6074BW43YvvUmE/35Id9/NB7BeX5EoNkK9obndmZBUk8xmJJeU7DwmUeN7tkysslb2eSl6CTrYz6oEMQg==}
    engines: {node: '>=18'}
    cpu: [arm64]
    os: [linux]

  '@esbuild/linux-arm@0.24.2':
    resolution: {integrity: sha512-n0WRM/gWIdU29J57hJyUdIsk0WarGd6To0s+Y+LwvlC55wt+GT/OgkwoXCXvIue1i1sSNWblHEig00GBWiJgfA==}
    engines: {node: '>=18'}
    cpu: [arm]
    os: [linux]

  '@esbuild/linux-ia32@0.24.2':
    resolution: {integrity: sha512-sfv0tGPQhcZOgTKO3oBE9xpHuUqguHvSo4jl+wjnKwFpapx+vUDcawbwPNuBIAYdRAvIDBfZVvXprIj3HA+Ugw==}
    engines: {node: '>=18'}
    cpu: [ia32]
    os: [linux]

  '@esbuild/linux-loong64@0.24.2':
    resolution: {integrity: sha512-CN9AZr8kEndGooS35ntToZLTQLHEjtVB5n7dl8ZcTZMonJ7CCfStrYhrzF97eAecqVbVJ7APOEe18RPI4KLhwQ==}
    engines: {node: '>=18'}
    cpu: [loong64]
    os: [linux]

  '@esbuild/linux-mips64el@0.24.2':
    resolution: {integrity: sha512-iMkk7qr/wl3exJATwkISxI7kTcmHKE+BlymIAbHO8xanq/TjHaaVThFF6ipWzPHryoFsesNQJPE/3wFJw4+huw==}
    engines: {node: '>=18'}
    cpu: [mips64el]
    os: [linux]

  '@esbuild/linux-ppc64@0.24.2':
    resolution: {integrity: sha512-shsVrgCZ57Vr2L8mm39kO5PPIb+843FStGt7sGGoqiiWYconSxwTiuswC1VJZLCjNiMLAMh34jg4VSEQb+iEbw==}
    engines: {node: '>=18'}
    cpu: [ppc64]
    os: [linux]

  '@esbuild/linux-riscv64@0.24.2':
    resolution: {integrity: sha512-4eSFWnU9Hhd68fW16GD0TINewo1L6dRrB+oLNNbYyMUAeOD2yCK5KXGK1GH4qD/kT+bTEXjsyTCiJGHPZ3eM9Q==}
    engines: {node: '>=18'}
    cpu: [riscv64]
    os: [linux]

  '@esbuild/linux-s390x@0.24.2':
    resolution: {integrity: sha512-S0Bh0A53b0YHL2XEXC20bHLuGMOhFDO6GN4b3YjRLK//Ep3ql3erpNcPlEFed93hsQAjAQDNsvcK+hV90FubSw==}
    engines: {node: '>=18'}
    cpu: [s390x]
    os: [linux]

  '@esbuild/linux-x64@0.24.2':
    resolution: {integrity: sha512-8Qi4nQcCTbLnK9WoMjdC9NiTG6/E38RNICU6sUNqK0QFxCYgoARqVqxdFmWkdonVsvGqWhmm7MO0jyTqLqwj0Q==}
    engines: {node: '>=18'}
    cpu: [x64]
    os: [linux]

  '@esbuild/netbsd-arm64@0.24.2':
    resolution: {integrity: sha512-wuLK/VztRRpMt9zyHSazyCVdCXlpHkKm34WUyinD2lzK07FAHTq0KQvZZlXikNWkDGoT6x3TD51jKQ7gMVpopw==}
    engines: {node: '>=18'}
    cpu: [arm64]
    os: [netbsd]

  '@esbuild/netbsd-x64@0.24.2':
    resolution: {integrity: sha512-VefFaQUc4FMmJuAxmIHgUmfNiLXY438XrL4GDNV1Y1H/RW3qow68xTwjZKfj/+Plp9NANmzbH5R40Meudu8mmw==}
    engines: {node: '>=18'}
    cpu: [x64]
    os: [netbsd]

  '@esbuild/openbsd-arm64@0.24.2':
    resolution: {integrity: sha512-YQbi46SBct6iKnszhSvdluqDmxCJA+Pu280Av9WICNwQmMxV7nLRHZfjQzwbPs3jeWnuAhE9Jy0NrnJ12Oz+0A==}
    engines: {node: '>=18'}
    cpu: [arm64]
    os: [openbsd]

  '@esbuild/openbsd-x64@0.24.2':
    resolution: {integrity: sha512-+iDS6zpNM6EnJyWv0bMGLWSWeXGN/HTaF/LXHXHwejGsVi+ooqDfMCCTerNFxEkM3wYVcExkeGXNqshc9iMaOA==}
    engines: {node: '>=18'}
    cpu: [x64]
    os: [openbsd]

  '@esbuild/sunos-x64@0.24.2':
    resolution: {integrity: sha512-hTdsW27jcktEvpwNHJU4ZwWFGkz2zRJUz8pvddmXPtXDzVKTTINmlmga3ZzwcuMpUvLw7JkLy9QLKyGpD2Yxig==}
    engines: {node: '>=18'}
    cpu: [x64]
    os: [sunos]

  '@esbuild/win32-arm64@0.24.2':
    resolution: {integrity: sha512-LihEQ2BBKVFLOC9ZItT9iFprsE9tqjDjnbulhHoFxYQtQfai7qfluVODIYxt1PgdoyQkz23+01rzwNwYfutxUQ==}
    engines: {node: '>=18'}
    cpu: [arm64]
    os: [win32]

  '@esbuild/win32-ia32@0.24.2':
    resolution: {integrity: sha512-q+iGUwfs8tncmFC9pcnD5IvRHAzmbwQ3GPS5/ceCyHdjXubwQWI12MKWSNSMYLJMq23/IUCvJMS76PDqXe1fxA==}
    engines: {node: '>=18'}
    cpu: [ia32]
    os: [win32]

  '@esbuild/win32-x64@0.24.2':
    resolution: {integrity: sha512-7VTgWzgMGvup6aSqDPLiW5zHaxYJGTO4OokMjIlrCtf+VpEL+cXKtCvg723iguPYI5oaUNdS+/V7OU2gvXVWEg==}
    engines: {node: '>=18'}
    cpu: [x64]
    os: [win32]

  '@rollup/rollup-android-arm-eabi@4.34.3':
    resolution: {integrity: sha512-8kq/NjMKkMTGKMPldWihncOl62kgnLYk7cW+/4NCUWfS70/wz4+gQ7rMxMMpZ3dIOP/xw7wKNzIuUnN/H2GfUg==}
    cpu: [arm]
    os: [android]

  '@rollup/rollup-android-arm64@4.34.3':
    resolution: {integrity: sha512-1PqMHiuRochQ6++SDI7SaRDWJKr/NgAlezBi5nOne6Da6IWJo3hK0TdECBDwd92IUDPG4j/bZmWuwOnomNT8wA==}
    cpu: [arm64]
    os: [android]

  '@rollup/rollup-darwin-arm64@4.34.3':
    resolution: {integrity: sha512-fqbrykX4mGV3DlCDXhF4OaMGcchd2tmLYxVt3On5oOZWVDFfdEoYAV2alzNChl8OzNaeMAGqm1f7gk7eIw/uDg==}
    cpu: [arm64]
    os: [darwin]

  '@rollup/rollup-darwin-x64@4.34.3':
    resolution: {integrity: sha512-8Wxrx/KRvMsTyLTbdrMXcVKfpW51cCNW8x7iQD72xSEbjvhCY3b+w83Bea3nQfysTMR7K28esc+ZFITThXm+1w==}
    cpu: [x64]
    os: [darwin]

  '@rollup/rollup-freebsd-arm64@4.34.3':
    resolution: {integrity: sha512-lpBmV2qSiELh+ATQPTjQczt5hvbTLsE0c43Rx4bGxN2VpnAZWy77we7OO62LyOSZNY7CzjMoceRPc+Lt4e9J6A==}
    cpu: [arm64]
    os: [freebsd]

  '@rollup/rollup-freebsd-x64@4.34.3':
    resolution: {integrity: sha512-sNPvBIXpgaYcI6mAeH13GZMXFrrw5mdZVI1M9YQPRG2LpjwL8DSxSIflZoh/B5NEuOi53kxsR/S2GKozK1vDXA==}
    cpu: [x64]
    os: [freebsd]

  '@rollup/rollup-linux-arm-gnueabihf@4.34.3':
    resolution: {integrity: sha512-MW6N3AoC61OfE1VgnN5O1OW0gt8VTbhx9s/ZEPLBM11wEdHjeilPzOxVmmsrx5YmejpGPvez8QwGGvMU+pGxpw==}
    cpu: [arm]
    os: [linux]
    libc: [glibc]

  '@rollup/rollup-linux-arm-musleabihf@4.34.3':
    resolution: {integrity: sha512-2SQkhr5xvatYq0/+H6qyW0zvrQz9LM4lxGkpWURLoQX5+yP8MsERh4uWmxFohOvwCP6l/+wgiHZ1qVwLDc7Qmw==}
    cpu: [arm]
    os: [linux]
    libc: [musl]

  '@rollup/rollup-linux-arm64-gnu@4.34.3':
    resolution: {integrity: sha512-R3JLYt8YoRwKI5shJsovLpcR6pwIMui/MGG/MmxZ1DYI3iRSKI4qcYrvYgDf4Ss2oCR3RL3F3dYK7uAGQgMIuQ==}
    cpu: [arm64]
    os: [linux]
    libc: [glibc]

  '@rollup/rollup-linux-arm64-musl@4.34.3':
    resolution: {integrity: sha512-4XQhG8v/t3S7Rxs7rmFUuM6j09hVrTArzONS3fUZ6oBRSN/ps9IPQjVhp62P0W3KhqJdQADo/MRlYRMdgxr/3w==}
    cpu: [arm64]
    os: [linux]
    libc: [musl]

  '@rollup/rollup-linux-loongarch64-gnu@4.34.3':
    resolution: {integrity: sha512-QlW1jCUZ1LHUIYCAK2FciVw1ptHsxzApYVi05q7bz2A8oNE8QxQ85NhM4arLxkAlcnS42t4avJbSfzSQwbIaKg==}
    cpu: [loong64]
    os: [linux]
    libc: [glibc]

  '@rollup/rollup-linux-powerpc64le-gnu@4.34.3':
    resolution: {integrity: sha512-kMbLToizVeCcN69+nnm20Dh0hrRIAjgaaL+Wh0gWZcNt8e542d2FUGtsyuNsHVNNF3gqTJrpzUGIdwMGLEUM7g==}
    cpu: [ppc64]
    os: [linux]
    libc: [glibc]

  '@rollup/rollup-linux-riscv64-gnu@4.34.3':
    resolution: {integrity: sha512-YgD0DnZ3CHtvXRH8rzjVSxwI0kMTr0RQt3o1N92RwxGdx7YejzbBO0ELlSU48DP96u1gYYVWfUhDRyaGNqJqJg==}
    cpu: [riscv64]
    os: [linux]
    libc: [glibc]

  '@rollup/rollup-linux-s390x-gnu@4.34.3':
    resolution: {integrity: sha512-dIOoOz8altjp6UjAi3U9EW99s8nta4gzi52FeI45GlPyrUH4QixUoBMH9VsVjt+9A2RiZBWyjYNHlJ/HmJOBCQ==}
    cpu: [s390x]
    os: [linux]
    libc: [glibc]

  '@rollup/rollup-linux-x64-gnu@4.34.3':
    resolution: {integrity: sha512-lOyG3aF4FTKrhpzXfMmBXgeKUUXdAWmP2zSNf8HTAXPqZay6QYT26l64hVizBjq+hJx3pl0DTEyvPi9sTA6VGA==}
    cpu: [x64]
    os: [linux]
    libc: [glibc]

  '@rollup/rollup-linux-x64-musl@4.34.3':
    resolution: {integrity: sha512-usztyYLu2i+mYzzOjqHZTaRXbUOqw3P6laNUh1zcqxbPH1P2Tz/QdJJCQSnGxCtsRQeuU2bCyraGMtMumC46rw==}
    cpu: [x64]
    os: [linux]
    libc: [musl]

  '@rollup/rollup-win32-arm64-msvc@4.34.3':
    resolution: {integrity: sha512-ojFOKaz/ZyalIrizdBq2vyc2f0kFbJahEznfZlxdB6pF9Do6++i1zS5Gy6QLf8D7/S57MHrmBLur6AeRYeQXSA==}
    cpu: [arm64]
    os: [win32]

  '@rollup/rollup-win32-ia32-msvc@4.34.3':
    resolution: {integrity: sha512-K/V97GMbNa+Da9mGcZqmSl+DlJmWfHXTuI9V8oB2evGsQUtszCl67+OxWjBKpeOnYwox9Jpmt/J6VhpeRCYqow==}
    cpu: [ia32]
    os: [win32]

  '@rollup/rollup-win32-x64-msvc@4.34.3':
    resolution: {integrity: sha512-CUypcYP31Q8O04myV6NKGzk9GVXslO5EJNfmARNSzLF2A+5rmZUlDJ4et6eoJaZgBT9wrC2p4JZH04Vkic8HdQ==}
    cpu: [x64]
    os: [win32]

  '@types/artyom.js@1.0.6':
    resolution: {integrity: sha512-/gUsBnY8BjhnyJQxDZvAGvlAhXyo6cIcHrvAe0Pod1tdxywZZdqjJqrdjrZIIslVXyJV0iXdCyuTr/p/aiNCJA==}
    deprecated: This is a stub types definition for artyom.js (https://github.com/sdkcarlos/artyom.js). artyom.js provides its own type definitions, so you don't need @types/artyom.js installed!

  '@types/dom-speech-recognition@0.0.4':
    resolution: {integrity: sha512-zf2GwV/G6TdaLwpLDcGTIkHnXf8JEf/viMux+khqKQKDa8/8BAUtXXZS563GnvJ4Fg0PBLGAaFf2GekEVSZ6GQ==}

  '@types/estree@1.0.6':
    resolution: {integrity: sha512-AYnb1nQyY49te+VRAVgmzfcgjYS91mY5P0TKUDCLEM+gNnA+3T6rWITXRLYCpahpqSQbN5cE+gHpnPyXjHWxcw==}

  '@types/parse-json@4.0.2':
    resolution: {integrity: sha512-dISoDXWWQwUquiKsyZ4Ng+HX2KsPL7LyHKHQwgGFEA3IaKac4Obd+h2a/a6waisAoepJlBcx9paWqjA8/HVjCw==}

  '@types/pinyin@2.10.2':
    resolution: {integrity: sha512-jLzlRkaLRLg+lgYPjOuP3HX2cozUkhXls5GTXopsKuKJ9lDGlIAb88OoIztH6TbNUsoJnl/7e/kjaumA5IKKJg==}

  artyom.js@1.0.6:
    resolution: {integrity: sha512-dNxvqJy9x2wHVIDu5DVYvdKKrsUBp/9K0FPPXo2YX/8saYBOtLvnoWNHW41NS1Jq+bD4RFqfwhXeLSXgeaDZYQ==}

  babel-plugin-macros@2.8.0:
    resolution: {integrity: sha512-SEP5kJpfGYqYKpBrj5XU3ahw5p5GOHJ0U5ssOSQ/WBVdwkD2Dzlce95exQTs3jOVWPPKLBN2rlEWkCK7dSmLvg==}

  babel-plugin-preval@4.0.0:
    resolution: {integrity: sha512-fZI/4cYneinlj2k/FsXw0/lTWSC5KKoepUueS1g25Gb5vx3GrRyaVwxWCshYqx11GEU4mZnbbFhee8vpquFS2w==}
    engines: {node: '>=8', npm: '>=6'}

  callsites@3.1.0:
    resolution: {integrity: sha512-P8BjAsXvZS+VIDUI11hHCQEv74YT67YUi5JJFNWIqL235sBmjX4+qx9Muvls5ivyNENctx46xQLQ3aTuE7ssaQ==}
    engines: {node: '>=6'}

  commander@1.1.1:
    resolution: {integrity: sha512-71Rod2AhcH3JhkBikVpNd0pA+fWsmAaVoti6OR38T76chA7vE3pSerS0Jor4wDw+tOueD2zLVvFOw5H0Rcj7rA==}
    engines: {node: '>= 0.6.x'}

  cosmiconfig@6.0.0:
    resolution: {integrity: sha512-xb3ZL6+L8b9JLLCx3ZdoZy4+2ECphCMo2PwqgP1tlfVq6M6YReyzBJtvWWtbDSpNr9hn96pkCiZqUcFEc+54Qg==}
    engines: {node: '>=8'}

  error-ex@1.3.2:
    resolution: {integrity: sha512-7dFHNmqeFSEt2ZBsCriorKnn3Z2pj+fd9kmI6QoWw4//DL+icEBfc0U7qJCisqrTsKTjw4fNFy2pW9OqStD84g==}

  esbuild@0.24.2:
    resolution: {integrity: sha512-+9egpBW8I3CD5XPe0n6BfT5fxLzxrlDzqydF3aviG+9ni1lDC/OvMHcxqEFV0+LANZG5R1bFMWfUrjVsdwxJvA==}
    engines: {node: '>=18'}
    hasBin: true

  fsevents@2.3.3:
    resolution: {integrity: sha512-5xoDfX+fL7faATnagmWPpbFtwh/R77WmMMqqHGS65C3vvB0YHrgF+B1YmZ3441tMj5n63k0212XNoJwzlhffQw==}
    engines: {node: ^8.16.0 || ^10.6.0 || >=11.0.0}
    os: [darwin]

  function-bind@1.1.2:
    resolution: {integrity: sha512-7XHNxH7qX9xG5mIwxkhumTox/MIRNcOgDrxWsMt2pAr23WHp6MrRlN7FBSFpCpr+oVO0F744iUgR82nJMfG2SA==}

  hasown@2.0.2:
    resolution: {integrity: sha512-0hJU9SCPvmMzIBdZFqNPXWa6dqh7WdH0cII9y+CyS8rG3nL48Bclra9HmKhVVUHyPWNH5Y7xDwAB7bfgSjkUMQ==}
    engines: {node: '>= 0.4'}

  import-fresh@3.3.1:
    resolution: {integrity: sha512-TR3KfrTZTYLPB6jUjfx6MF9WcWrHL9su5TObK4ZkYgBdWKPOFoSoQIdEuTuR82pmtxH2spWG9h6etwfr1pLBqQ==}
    engines: {node: '>=6'}

  is-arrayish@0.2.1:
    resolution: {integrity: sha512-zz06S8t0ozoDXMG+ube26zeCTNXcKIPJZJi8hBrF4idCLms4CG9QtK7qBl1boi5ODzFpjswb5JPmHCbMpjaYzg==}

  is-core-module@2.16.1:
    resolution: {integrity: sha512-UfoeMA6fIJ8wTYFEUjelnaGI67v6+N7qXJEvQuIGa99l4xsCruSYOVSQ0uPANn4dAzm8lkYPaKLrrijLq7x23w==}
    engines: {node: '>= 0.4'}

  js-tokens@4.0.0:
    resolution: {integrity: sha512-RdJUflcE3cUzKiMqQgsCu06FPu9UdIJO0beYbPhHN4k6apgJtifcoCtT9bcxOpYBtpD2kCM6Sbzg4CausW/PKQ==}

  json-parse-even-better-errors@2.3.1:
    resolution: {integrity: sha512-xyFwyhro/JEof6Ghe2iz2NcXoj2sloNsWr/XsERDK/oiPCfaNhl5ONfp+jQdAZRQQ0IJWNzH9zIZF7li91kh2w==}

  keypress@0.1.0:
    resolution: {integrity: sha512-x0yf9PL/nx9Nw9oLL8ZVErFAk85/lslwEP7Vz7s5SI1ODXZIgit3C5qyWjw4DxOuO/3Hb4866SQh28a1V1d+WA==}

  lines-and-columns@1.2.4:
    resolution: {integrity: sha512-7ylylesZQ/PV29jhEDl3Ufjo6ZX7gCqJr5F7PKrqc93v7fzSymt1BpwEU8nAUXs8qzzvqhbjhK5QZg6Mt/HkBg==}

  nanoid@3.3.8:
    resolution: {integrity: sha512-WNLf5Sd8oZxOm+TzppcYk8gVOgP+l58xNy58D0nbUnOxOWRWvlcCV4kUF7ltmI6PsrLl/BgKEyS4mqsGChFN0w==}
    engines: {node: ^10 || ^12 || ^13.7 || ^14 || >=15.0.1}
    hasBin: true

  parent-module@1.0.1:
    resolution: {integrity: sha512-GQ2EWRpQV8/o+Aw8YqtfZZPfNRWZYkbidE9k5rpl/hC3vtHHBfGm2Ifi6qWV+coDGkrUKZAxE3Lot5kcsRlh+g==}
    engines: {node: '>=6'}

  parse-json@5.2.0:
    resolution: {integrity: sha512-ayCKvm/phCGxOkYRSCM82iDwct8/EonSEgCSxWxD7ve6jHggsFl4fZVQBPRNgQoKiuV/odhFrGzQXZwbifC8Rg==}
    engines: {node: '>=8'}

  path-parse@1.0.7:
    resolution: {integrity: sha512-LDJzPVEEEPR+y48z93A0Ed0yXb8pAByGWo/k5YYdYgpY2/2EsOsksJrq7lOHxryrVOn1ejG6oAp8ahvOIQD8sw==}

  path-type@4.0.0:
    resolution: {integrity: sha512-gDKb8aZMDeD/tZWs9P6+q0J9Mwkdl6xMV8TjnGP3qJVJ06bdMgkbBlLU8IdfOsIsFz2BW1rNVT3XuNEl8zPAvw==}
    engines: {node: '>=8'}

  picocolors@1.1.1:
    resolution: {integrity: sha512-xceH2snhtb5M9liqDsmEw56le376mTZkEX/jEb/RxNFyegNul7eNslCXP9FDj/Lcu0X8KEyMceP2ntpaHrDEVA==}

  pinyin@4.0.0-alpha.2:
    resolution: {integrity: sha512-SED2wWr1X0QwH6rXIDgg20zS1mAk0AVMO8eM3KomUlOYzC8mNMWZnspZWhhI0M8MBIbF2xwa+5r30jTSjAqNsg==}
    engines: {install-node: ^18.0.0}
    hasBin: true
    peerDependencies:
      '@node-rs/jieba': ^1.6.0
      nodejieba: 2.5.2
      segmentit: ^2.0.3
    peerDependenciesMeta:
      '@node-rs/jieba':
        optional: true
      nodejieba:
        optional: true
      segmentit:
        optional: true

  postcss@8.5.1:
    resolution: {integrity: sha512-6oz2beyjc5VMn/KV1pPw8fliQkhBXrVn1Z3TVyqZxU8kZpzEKhBdmCFqI6ZbmGtamQvQGuU1sgPTk8ZrXDD7jQ==}
    engines: {node: ^10 || ^12 || >=14}

  preval.macro@4.0.0:
    resolution: {integrity: sha512-sJJnE71X+MPr64CVD2AurmUj4JEDqbudYbStav3L9Xjcqm4AR0ymMm6sugw1mUmfI/7gw4JWA4JXo/k6w34crw==}

  regenerator-runtime@0.14.1:
    resolution: {integrity: sha512-dYnhHh0nJoMfnkZs6GmmhFknAGRrLznOu5nc9ML+EJxGvrx6H7teuevqVqCuPcPK//3eDrrjQhehXVx9cnkGdw==}

  require-from-string@2.0.2:
    resolution: {integrity: sha512-Xf0nWe6RseziFMu+Ap9biiUbmplq6S9/p+7w7YXP/JBHhrUDDUhwa+vANyubuqfZWTveU//DYVGsDG7RKL/vEw==}
    engines: {node: '>=0.10.0'}

  resolve-from@4.0.0:
    resolution: {integrity: sha512-pb/MYmXstAkysRFx8piNI1tGFNQIFA3vkE3Gq4EuA1dF6gHp/+vgZqsCGJapvy8N3Q+4o7FwvquPJcnZ7RYy4g==}
    engines: {node: '>=4'}

  resolve@1.22.10:
    resolution: {integrity: sha512-NPRy+/ncIMeDlTAsuqwKIiferiawhefFJtkNSW0qZJEqMEb+qBt/77B/jGeeek+F0uOeN05CDa6HXbbIgtVX4w==}
    engines: {node: '>= 0.4'}
    hasBin: true

  rollup@4.34.3:
    resolution: {integrity: sha512-ORCtU0UBJyiAIn9m0llUXJXAswG/68pZptCrqxHG7//Z2DDzAUeyyY5hqf4XrsGlUxscMr9GkQ2QI7KTLqeyPw==}
    engines: {node: '>=18.0.0', npm: '>=8.0.0'}
    hasBin: true

  segmentit@2.0.3:
    resolution: {integrity: sha512-7mn2XL3OdTUQ+AhHz7SbgyxLTaQRzTWQNVwiK+UlTO8aePGbSwvKUzTwE4238+OUY9MoR6ksAg35zl8sfTunQQ==}

  source-map-js@1.2.1:
    resolution: {integrity: sha512-UXWMKhLOwVKb728IUtQPXxfYU+usdybtUrK/8uGE8CQMvrhOpwvzDBwj0QhSL7MQc7vIsISBG8VQ8+IDQxpfQA==}
    engines: {node: '>=0.10.0'}

  supports-preserve-symlinks-flag@1.0.0:
    resolution: {integrity: sha512-ot0WnXS9fgdkgIcePe6RHNk1WA8+muPa6cSjeR3V8K27q9BB1rTE3R1p7Hv0z1ZyAc8s6Vvv8DIyWf681MAt0w==}
    engines: {node: '>= 0.4'}

  tiny-pinyin@1.3.2:
    resolution: {integrity: sha512-uHNGu4evFt/8eNLldazeAM1M8JrMc1jshhJJfVRARTN3yT8HEEibofeQ7QETWQ5ISBjd6fKtTVBCC/+mGS6FpA==}

  typescript@5.6.3:
    resolution: {integrity: sha512-hjcS1mhfuyi4WW8IWtjP7brDrG2cuDZukyrYrSauoXGNgx0S7zceP07adYkJycEr56BOUTNPzbInooiN3fn1qw==}
    engines: {node: '>=14.17'}
    hasBin: true

  vite@6.0.11:
    resolution: {integrity: sha512-4VL9mQPKoHy4+FE0NnRE/kbY51TOfaknxAjt3fJbGJxhIpBZiqVzlZDEesWWsuREXHwNdAoOFZ9MkPEVXczHwg==}
    engines: {node: ^18.0.0 || ^20.0.0 || >=22.0.0}
    hasBin: true
    peerDependencies:
      '@types/node': ^18.0.0 || ^20.0.0 || >=22.0.0
      jiti: '>=1.21.0'
      less: '*'
      lightningcss: ^1.21.0
      sass: '*'
      sass-embedded: '*'
      stylus: '*'
      sugarss: '*'
      terser: ^5.16.0
      tsx: ^4.8.1
      yaml: ^2.4.2
    peerDependenciesMeta:
      '@types/node':
        optional: true
      jiti:
        optional: true
      less:
        optional: true
      lightningcss:
        optional: true
      sass:
        optional: true
      sass-embedded:
        optional: true
      stylus:
        optional: true
      sugarss:
        optional: true
      terser:
        optional: true
      tsx:
        optional: true
      yaml:
        optional: true

  yaml@1.10.2:
    resolution: {integrity: sha512-r3vXyErRCYJ7wg28yvBY5VSoAF8ZvlcW9/BwUzEtUsjvX/DKs24dIkuwjtuprwJJHsbyUbLApepYTR1BN4uHrg==}
    engines: {node: '>= 6'}

snapshots:

  '@babel/code-frame@7.26.2':
    dependencies:
      '@babel/helper-validator-identifier': 7.25.9
      js-tokens: 4.0.0
      picocolors: 1.1.1

  '@babel/helper-validator-identifier@7.25.9': {}

  '@babel/runtime@7.26.7':
    dependencies:
      regenerator-runtime: 0.14.1

  '@esbuild/aix-ppc64@0.24.2':
    optional: true

  '@esbuild/android-arm64@0.24.2':
    optional: true

  '@esbuild/android-arm@0.24.2':
    optional: true

  '@esbuild/android-x64@0.24.2':
    optional: true

  '@esbuild/darwin-arm64@0.24.2':
    optional: true

  '@esbuild/darwin-x64@0.24.2':
    optional: true

  '@esbuild/freebsd-arm64@0.24.2':
    optional: true

  '@esbuild/freebsd-x64@0.24.2':
    optional: true

  '@esbuild/linux-arm64@0.24.2':
    optional: true

  '@esbuild/linux-arm@0.24.2':
    optional: true

  '@esbuild/linux-ia32@0.24.2':
    optional: true

  '@esbuild/linux-loong64@0.24.2':
    optional: true

  '@esbuild/linux-mips64el@0.24.2':
    optional: true

  '@esbuild/linux-ppc64@0.24.2':
    optional: true

  '@esbuild/linux-riscv64@0.24.2':
    optional: true

  '@esbuild/linux-s390x@0.24.2':
    optional: true

  '@esbuild/linux-x64@0.24.2':
    optional: true

  '@esbuild/netbsd-arm64@0.24.2':
    optional: true

  '@esbuild/netbsd-x64@0.24.2':
    optional: true

  '@esbuild/openbsd-arm64@0.24.2':
    optional: true

  '@esbuild/openbsd-x64@0.24.2':
    optional: true

  '@esbuild/sunos-x64@0.24.2':
    optional: true

  '@esbuild/win32-arm64@0.24.2':
    optional: true

  '@esbuild/win32-ia32@0.24.2':
    optional: true

  '@esbuild/win32-x64@0.24.2':
    optional: true

  '@rollup/rollup-android-arm-eabi@4.34.3':
    optional: true

  '@rollup/rollup-android-arm64@4.34.3':
    optional: true

  '@rollup/rollup-darwin-arm64@4.34.3':
    optional: true

  '@rollup/rollup-darwin-x64@4.34.3':
    optional: true

  '@rollup/rollup-freebsd-arm64@4.34.3':
    optional: true

  '@rollup/rollup-freebsd-x64@4.34.3':
    optional: true

  '@rollup/rollup-linux-arm-gnueabihf@4.34.3':
    optional: true

  '@rollup/rollup-linux-arm-musleabihf@4.34.3':
    optional: true

  '@rollup/rollup-linux-arm64-gnu@4.34.3':
    optional: true

  '@rollup/rollup-linux-arm64-musl@4.34.3':
    optional: true

  '@rollup/rollup-linux-loongarch64-gnu@4.34.3':
    optional: true

  '@rollup/rollup-linux-powerpc64le-gnu@4.34.3':
    optional: true

  '@rollup/rollup-linux-riscv64-gnu@4.34.3':
    optional: true

  '@rollup/rollup-linux-s390x-gnu@4.34.3':
    optional: true

  '@rollup/rollup-linux-x64-gnu@4.34.3':
    optional: true

  '@rollup/rollup-linux-x64-musl@4.34.3':
    optional: true

  '@rollup/rollup-win32-arm64-msvc@4.34.3':
    optional: true

  '@rollup/rollup-win32-ia32-msvc@4.34.3':
    optional: true

  '@rollup/rollup-win32-x64-msvc@4.34.3':
    optional: true

  '@types/artyom.js@1.0.6':
    dependencies:
      artyom.js: 1.0.6

  '@types/dom-speech-recognition@0.0.4': {}

  '@types/estree@1.0.6': {}

  '@types/parse-json@4.0.2': {}

  '@types/pinyin@2.10.2': {}

  artyom.js@1.0.6: {}

  babel-plugin-macros@2.8.0:
    dependencies:
      '@babel/runtime': 7.26.7
      cosmiconfig: 6.0.0
      resolve: 1.22.10

  babel-plugin-preval@4.0.0:
    dependencies:
      '@babel/runtime': 7.26.7
      babel-plugin-macros: 2.8.0
      require-from-string: 2.0.2

  callsites@3.1.0: {}

  commander@1.1.1:
    dependencies:
      keypress: 0.1.0

  cosmiconfig@6.0.0:
    dependencies:
      '@types/parse-json': 4.0.2
      import-fresh: 3.3.1
      parse-json: 5.2.0
      path-type: 4.0.0
      yaml: 1.10.2

  error-ex@1.3.2:
    dependencies:
      is-arrayish: 0.2.1

  esbuild@0.24.2:
    optionalDependencies:
      '@esbuild/aix-ppc64': 0.24.2
      '@esbuild/android-arm': 0.24.2
      '@esbuild/android-arm64': 0.24.2
      '@esbuild/android-x64': 0.24.2
      '@esbuild/darwin-arm64': 0.24.2
      '@esbuild/darwin-x64': 0.24.2
      '@esbuild/freebsd-arm64': 0.24.2
      '@esbuild/freebsd-x64': 0.24.2
      '@esbuild/linux-arm': 0.24.2
      '@esbuild/linux-arm64': 0.24.2
      '@esbuild/linux-ia32': 0.24.2
      '@esbuild/linux-loong64': 0.24.2
      '@esbuild/linux-mips64el': 0.24.2
      '@esbuild/linux-ppc64': 0.24.2
      '@esbuild/linux-riscv64': 0.24.2
      '@esbuild/linux-s390x': 0.24.2
      '@esbuild/linux-x64': 0.24.2
      '@esbuild/netbsd-arm64': 0.24.2
      '@esbuild/netbsd-x64': 0.24.2
      '@esbuild/openbsd-arm64': 0.24.2
      '@esbuild/openbsd-x64': 0.24.2
      '@esbuild/sunos-x64': 0.24.2
      '@esbuild/win32-arm64': 0.24.2
      '@esbuild/win32-ia32': 0.24.2
      '@esbuild/win32-x64': 0.24.2

  fsevents@2.3.3:
    optional: true

  function-bind@1.1.2: {}

  hasown@2.0.2:
    dependencies:
      function-bind: 1.1.2

  import-fresh@3.3.1:
    dependencies:
      parent-module: 1.0.1
      resolve-from: 4.0.0

  is-arrayish@0.2.1: {}

  is-core-module@2.16.1:
    dependencies:
      hasown: 2.0.2

  js-tokens@4.0.0: {}

  json-parse-even-better-errors@2.3.1: {}

  keypress@0.1.0: {}

  lines-and-columns@1.2.4: {}

  nanoid@3.3.8: {}

  parent-module@1.0.1:
    dependencies:
      callsites: 3.1.0

  parse-json@5.2.0:
    dependencies:
      '@babel/code-frame': 7.26.2
      error-ex: 1.3.2
      json-parse-even-better-errors: 2.3.1
      lines-and-columns: 1.2.4

  path-parse@1.0.7: {}

  path-type@4.0.0: {}

  picocolors@1.1.1: {}

  pinyin@4.0.0-alpha.2(segmentit@2.0.3):
    dependencies:
      commander: 1.1.1
    optionalDependencies:
      segmentit: 2.0.3

  postcss@8.5.1:
    dependencies:
      nanoid: 3.3.8
      picocolors: 1.1.1
      source-map-js: 1.2.1

  preval.macro@4.0.0:
    dependencies:
      babel-plugin-preval: 4.0.0

  regenerator-runtime@0.14.1: {}

  require-from-string@2.0.2: {}

  resolve-from@4.0.0: {}

  resolve@1.22.10:
    dependencies:
      is-core-module: 2.16.1
      path-parse: 1.0.7
      supports-preserve-symlinks-flag: 1.0.0

  rollup@4.34.3:
    dependencies:
      '@types/estree': 1.0.6
    optionalDependencies:
      '@rollup/rollup-android-arm-eabi': 4.34.3
      '@rollup/rollup-android-arm64': 4.34.3
      '@rollup/rollup-darwin-arm64': 4.34.3
      '@rollup/rollup-darwin-x64': 4.34.3
      '@rollup/rollup-freebsd-arm64': 4.34.3
      '@rollup/rollup-freebsd-x64': 4.34.3
      '@rollup/rollup-linux-arm-gnueabihf': 4.34.3
      '@rollup/rollup-linux-arm-musleabihf': 4.34.3
      '@rollup/rollup-linux-arm64-gnu': 4.34.3
      '@rollup/rollup-linux-arm64-musl': 4.34.3
      '@rollup/rollup-linux-loongarch64-gnu': 4.34.3
      '@rollup/rollup-linux-powerpc64le-gnu': 4.34.3
      '@rollup/rollup-linux-riscv64-gnu': 4.34.3
      '@rollup/rollup-linux-s390x-gnu': 4.34.3
      '@rollup/rollup-linux-x64-gnu': 4.34.3
      '@rollup/rollup-linux-x64-musl': 4.34.3
      '@rollup/rollup-win32-arm64-msvc': 4.34.3
      '@rollup/rollup-win32-ia32-msvc': 4.34.3
      '@rollup/rollup-win32-x64-msvc': 4.34.3
      fsevents: 2.3.3

  segmentit@2.0.3:
    dependencies:
      preval.macro: 4.0.0

  source-map-js@1.2.1: {}

  supports-preserve-symlinks-flag@1.0.0: {}

  tiny-pinyin@1.3.2: {}

  typescript@5.6.3: {}

  vite@6.0.11:
    dependencies:
      esbuild: 0.24.2
      postcss: 8.5.1
      rollup: 4.34.3
    optionalDependencies:
      fsevents: 2.3.3

  yaml@1.10.2: {}
